
Microsoft Visual Studio Solution File, Format Version 12.00
# Visual Studio Version 17
VisualStudioVersion = 17.2.32602.215
MinimumVisualStudioVersion = 10.0.40219.1
Project("{9A19103F-16F7-4668-BE54-9A1E7A4F7556}") = "xila-api", "xila-api\xila-api.csproj", "{25E594DD-308E-4A47-88C5-489098CB2328}"
EndProject
Project("{FAE04EC0-301F-11D3-BF4B-00C04F79EFBC}") = "xila-2.0", "xila-2.0\xila-2.0.csproj", "{DAA387B0-32C0-4545-B2AC-CD3F19BC13C4}"
EndProject
Global
	GlobalSection(SolutionConfigurationPlatforms) = preSolution
		Debug|Any CPU = Debug|Any CPU
		Release|Any CPU = Release|Any CPU
	EndGlobalSection
	GlobalSection(ProjectConfigurationPlatforms) = postSolution
		{25E594DD-308E-4A47-88C5-489098CB2328}.Debug|Any CPU.ActiveCfg = Debug|Any CPU
		{25E594DD-308E-4A47-88C5-489098CB2328}.Debug|Any CPU.Build.0 = Debug|Any CPU
		{25E594DD-308E-4A47-88C5-489098CB2328}.Release|Any CPU.ActiveCfg = Release|Any CPU
		{25E594DD-308E-4A47-88C5-489098CB2328}.Release|Any CPU.Build.0 = Release|Any CPU
		{DAA387B0-32C0-4545-B2AC-CD3F19BC13C4}.Debug|Any CPU.ActiveCfg = Debug|Any CPU
		{DAA387B0-32C0-4545-B2AC-CD3F19BC13C4}.Debug|Any CPU.Build.0 = Debug|Any CPU
		{DAA387B0-32C0-4545-B2AC-CD3F19BC13C4}.Release|Any CPU.ActiveCfg = Release|Any CPU
		{DAA387B0-32C0-4545-B2AC-CD3F19BC13C4}.Release|Any CPU.Build.0 = Release|Any CPU
	EndGlobalSection
	GlobalSection(SolutionProperties) = preSolution
		HideSolutionNode = FALSE
	EndGlobalSection
	GlobalSection(ExtensibilityGlobals) = postSolution
		SolutionGuid = {863ED2AF-41B1-4CA6-B964-3F98F68B4385}
	EndGlobalSection
EndGlobal
